// !$*UTF8*$!
{
	archiveVersion = 1;
	classes = {
	};
	objectVersion = 46;
	objects = {

/* Begin PBXBuildFile section */
		2489B6471F6AB42300FD0175 /* AudioManager.swift in Sources */ = {isa = PBXBuildFile; fileRef = 2489B6461F6AB42300FD0175 /* AudioManager.swift */; };
		2489B6491F6AB67800FD0175 /* LocationManager.swift in Sources */ = {isa = PBXBuildFile; fileRef = 2489B6481F6AB67800FD0175 /* LocationManager.swift */; };
		2489B64B1F6AC7AA00FD0175 /* Constants.swift in Sources */ = {isa = PBXBuildFile; fileRef = 2489B64A1F6AC7AA00FD0175 /* Constants.swift */; };
		2489B64D1F6AFDD800FD0175 /* SettingsCell.swift in Sources */ = {isa = PBXBuildFile; fileRef = 2489B64C1F6AFDD800FD0175 /* SettingsCell.swift */; };
		2489B64F1F6B08FA00FD0175 /* DeviceSettingsController.swift in Sources */ = {isa = PBXBuildFile; fileRef = 2489B64E1F6B08FA00FD0175 /* DeviceSettingsController.swift */; };
		248C230B1F68CF4D00332F3E /* AppDelegate.swift in Sources */ = {isa = PBXBuildFile; fileRef = 248C230A1F68CF4D00332F3E /* AppDelegate.swift */; };
		248C230D1F68CF4D00332F3E /* ViewController.swift in Sources */ = {isa = PBXBuildFile; fileRef = 248C230C1F68CF4D00332F3E /* ViewController.swift */; };
		248C23101F68CF4D00332F3E /* Main.storyboard in Resources */ = {isa = PBXBuildFile; fileRef = 248C230E1F68CF4D00332F3E /* Main.storyboard */; };
		248C23131F68CF4D00332F3E /* SoundMap4.xcdatamodeld in Sources */ = {isa = PBXBuildFile; fileRef = 248C23111F68CF4D00332F3E /* SoundMap4.xcdatamodeld */; };
		248C23151F68CF4D00332F3E /* Assets.xcassets in Resources */ = {isa = PBXBuildFile; fileRef = 248C23141F68CF4D00332F3E /* Assets.xcassets */; };
		248C23181F68CF4D00332F3E /* LaunchScreen.storyboard in Resources */ = {isa = PBXBuildFile; fileRef = 248C23161F68CF4D00332F3E /* LaunchScreen.storyboard */; };
		248C23211F68D01500332F3E /* MainTabBar.swift in Sources */ = {isa = PBXBuildFile; fileRef = 248C23201F68D01500332F3E /* MainTabBar.swift */; };
		248C23231F68D12400332F3E /* RecordController.swift in Sources */ = {isa = PBXBuildFile; fileRef = 248C23221F68D12400332F3E /* RecordController.swift */; };
		248C23261F68D18600332F3E /* Helper.swift in Sources */ = {isa = PBXBuildFile; fileRef = 248C23251F68D18600332F3E /* Helper.swift */; };
		248C23281F68D38000332F3E /* MapController.swift in Sources */ = {isa = PBXBuildFile; fileRef = 248C23271F68D38000332F3E /* MapController.swift */; };
		248C232A1F68D4AB00332F3E /* SettingsController.swift in Sources */ = {isa = PBXBuildFile; fileRef = 248C23291F68D4AB00332F3E /* SettingsController.swift */; };
		248F4A1E1F68EC86006F7C35 /* FeedCell.swift in Sources */ = {isa = PBXBuildFile; fileRef = 248F4A1D1F68EC86006F7C35 /* FeedCell.swift */; };
		248F4A201F68EF83006F7C35 /* FirebaseManager.swift in Sources */ = {isa = PBXBuildFile; fileRef = 248F4A1F1F68EF83006F7C35 /* FirebaseManager.swift */; };
		24D4B5D51F6F2F1E005F7C80 /* GoogleService-Info.plist in Resources */ = {isa = PBXBuildFile; fileRef = 24E26E441F6F2DC800FEBCE3 /* GoogleService-Info.plist */; };
		24D4B5D71F6F2FD0005F7C80 /* CoreDataManager.swift in Sources */ = {isa = PBXBuildFile; fileRef = 24D4B5D61F6F2FD0005F7C80 /* CoreDataManager.swift */; };
		24DCB5391F705CBC00DF3A64 /* PointController.swift in Sources */ = {isa = PBXBuildFile; fileRef = 24DCB5381F705CBC00DF3A64 /* PointController.swift */; };
		24F5A9A41F698068000FBFFC /* NewRecordController.swift in Sources */ = {isa = PBXBuildFile; fileRef = 24F5A9A31F698068000FBFFC /* NewRecordController.swift */; };
		24F5A9A61F69A564000FBFFC /* Record.swift in Sources */ = {isa = PBXBuildFile; fileRef = 24F5A9A51F69A564000FBFFC /* Record.swift */; };
		773DD6CAB4C23787D6FEA68A /* Pods_SoundMap4.framework in Frameworks */ = {isa = PBXBuildFile; fileRef = 7FE7F1916A7AA9284064C745 /* Pods_SoundMap4.framework */; };
/* End PBXBuildFile section */

/* Begin PBXFileReference section */
		2489B6461F6AB42300FD0175 /* AudioManager.swift */ = {isa = PBXFileReference; fileEncoding = 4; lastKnownFileType = sourcecode.swift; path = AudioManager.swift; sourceTree = "<group>"; };
		2489B6481F6AB67800FD0175 /* LocationManager.swift */ = {isa = PBXFileReference; fileEncoding = 4; lastKnownFileType = sourcecode.swift; path = LocationManager.swift; sourceTree = "<group>"; };
		2489B64A1F6AC7AA00FD0175 /* Constants.swift */ = {isa = PBXFileReference; fileEncoding = 4; lastKnownFileType = sourcecode.swift; path = Constants.swift; sourceTree = "<group>"; };
		2489B64C1F6AFDD800FD0175 /* SettingsCell.swift */ = {isa = PBXFileReference; fileEncoding = 4; lastKnownFileType = sourcecode.swift; path = SettingsCell.swift; sourceTree = "<group>"; };
		2489B64E1F6B08FA00FD0175 /* DeviceSettingsController.swift */ = {isa = PBXFileReference; fileEncoding = 4; lastKnownFileType = sourcecode.swift; path = DeviceSettingsController.swift; sourceTree = "<group>"; };
		248C23071F68CF4D00332F3E /* SoundMap4.app */ = {isa = PBXFileReference; explicitFileType = wrapper.application; includeInIndex = 0; path = SoundMap4.app; sourceTree = BUILT_PRODUCTS_DIR; };
		248C230A1F68CF4D00332F3E /* AppDelegate.swift */ = {isa = PBXFileReference; lastKnownFileType = sourcecode.swift; path = AppDelegate.swift; sourceTree = "<group>"; };
		248C230C1F68CF4D00332F3E /* ViewController.swift */ = {isa = PBXFileReference; lastKnownFileType = sourcecode.swift; path = ViewController.swift; sourceTree = "<group>"; };
		248C230F1F68CF4D00332F3E /* Base */ = {isa = PBXFileReference; lastKnownFileType = file.storyboard; name = Base; path = Base.lproj/Main.storyboard; sourceTree = "<group>"; };
		248C23121F68CF4D00332F3E /* SoundMap4.xcdatamodel */ = {isa = PBXFileReference; lastKnownFileType = wrapper.xcdatamodel; path = SoundMap4.xcdatamodel; sourceTree = "<group>"; };
		248C23141F68CF4D00332F3E /* Assets.xcassets */ = {isa = PBXFileReference; lastKnownFileType = folder.assetcatalog; path = Assets.xcassets; sourceTree = "<group>"; };
		248C23171F68CF4D00332F3E /* Base */ = {isa = PBXFileReference; lastKnownFileType = file.storyboard; name = Base; path = Base.lproj/LaunchScreen.storyboard; sourceTree = "<group>"; };
		248C23191F68CF4D00332F3E /* Info.plist */ = {isa = PBXFileReference; lastKnownFileType = text.plist.xml; path = Info.plist; sourceTree = "<group>"; };
		248C23201F68D01500332F3E /* MainTabBar.swift */ = {isa = PBXFileReference; fileEncoding = 4; lastKnownFileType = sourcecode.swift; path = MainTabBar.swift; sourceTree = "<group>"; };
		248C23221F68D12400332F3E /* RecordController.swift */ = {isa = PBXFileReference; fileEncoding = 4; lastKnownFileType = sourcecode.swift; path = RecordController.swift; sourceTree = "<group>"; };
		248C23251F68D18600332F3E /* Helper.swift */ = {isa = PBXFileReference; fileEncoding = 4; lastKnownFileType = sourcecode.swift; path = Helper.swift; sourceTree = "<group>"; };
		248C23271F68D38000332F3E /* MapController.swift */ = {isa = PBXFileReference; fileEncoding = 4; lastKnownFileType = sourcecode.swift; path = MapController.swift; sourceTree = "<group>"; };
		248C23291F68D4AB00332F3E /* SettingsController.swift */ = {isa = PBXFileReference; fileEncoding = 4; lastKnownFileType = sourcecode.swift; path = SettingsController.swift; sourceTree = "<group>"; };
		248F4A1D1F68EC86006F7C35 /* FeedCell.swift */ = {isa = PBXFileReference; fileEncoding = 4; lastKnownFileType = sourcecode.swift; path = FeedCell.swift; sourceTree = "<group>"; };
		248F4A1F1F68EF83006F7C35 /* FirebaseManager.swift */ = {isa = PBXFileReference; fileEncoding = 4; lastKnownFileType = sourcecode.swift; path = FirebaseManager.swift; sourceTree = "<group>"; };
		24D4B5D61F6F2FD0005F7C80 /* CoreDataManager.swift */ = {isa = PBXFileReference; lastKnownFileType = sourcecode.swift; path = CoreDataManager.swift; sourceTree = "<group>"; };
		24DCB5381F705CBC00DF3A64 /* PointController.swift */ = {isa = PBXFileReference; lastKnownFileType = sourcecode.swift; path = PointController.swift; sourceTree = "<group>"; };
		24E26E441F6F2DC800FEBCE3 /* GoogleService-Info.plist */ = {isa = PBXFileReference; lastKnownFileType = text.plist.xml; path = "GoogleService-Info.plist"; sourceTree = "<group>"; };
		24F5A9A31F698068000FBFFC /* NewRecordController.swift */ = {isa = PBXFileReference; fileEncoding = 4; lastKnownFileType = sourcecode.swift; path = NewRecordController.swift; sourceTree = "<group>"; };
		24F5A9A51F69A564000FBFFC /* Record.swift */ = {isa = PBXFileReference; fileEncoding = 4; lastKnownFileType = sourcecode.swift; path = Record.swift; sourceTree = "<group>"; };
		4BD7BA9E8CF8DAE3D3E39880 /* Pods-SoundMap4.release.xcconfig */ = {isa = PBXFileReference; includeInIndex = 1; lastKnownFileType = text.xcconfig; name = "Pods-SoundMap4.release.xcconfig"; path = "Pods/Target Support Files/Pods-SoundMap4/Pods-SoundMap4.release.xcconfig"; sourceTree = "<group>"; };
		69EC948FCFB8A00F5683B2D6 /* Pods-SoundMap4.debug.xcconfig */ = {isa = PBXFileReference; includeInIndex = 1; lastKnownFileType = text.xcconfig; name = "Pods-SoundMap4.debug.xcconfig"; path = "Pods/Target Support Files/Pods-SoundMap4/Pods-SoundMap4.debug.xcconfig"; sourceTree = "<group>"; };
		7FE7F1916A7AA9284064C745 /* Pods_SoundMap4.framework */ = {isa = PBXFileReference; explicitFileType = wrapper.framework; includeInIndex = 0; path = Pods_SoundMap4.framework; sourceTree = BUILT_PRODUCTS_DIR; };
/* End PBXFileReference section */

/* Begin PBXFrameworksBuildPhase section */
		248C23041F68CF4D00332F3E /* Frameworks */ = {
			isa = PBXFrameworksBuildPhase;
			buildActionMask = 2147483647;
			files = (
				773DD6CAB4C23787D6FEA68A /* Pods_SoundMap4.framework in Frameworks */,
			);
			runOnlyForDeploymentPostprocessing = 0;
		};
/* End PBXFrameworksBuildPhase section */

/* Begin PBXGroup section */
		14035844127EE6A1DD26BC32 /* Frameworks */ = {
			isa = PBXGroup;
			children = (
				7FE7F1916A7AA9284064C745 /* Pods_SoundMap4.framework */,
			);
			name = Frameworks;
			sourceTree = "<group>";
		};
		248C22FE1F68CF4D00332F3E = {
			isa = PBXGroup;
			children = (
				248F4A1C1F68EC5E006F7C35 /* Views */,
				248F4A1B1F68EC56006F7C35 /* Model */,
				248C23241F68D16500332F3E /* Helpers */,
				248C231F1F68CFF600332F3E /* Controllers */,
				248C23091F68CF4D00332F3E /* SoundMap4 */,
				248C23081F68CF4D00332F3E /* Products */,
				EA4B83056170416DE8D2E222 /* Pods */,
				14035844127EE6A1DD26BC32 /* Frameworks */,
			);
			sourceTree = "<group>";
		};
		248C23081F68CF4D00332F3E /* Products */ = {
			isa = PBXGroup;
			children = (
				248C23071F68CF4D00332F3E /* SoundMap4.app */,
			);
			name = Products;
			sourceTree = "<group>";
		};
		248C23091F68CF4D00332F3E /* SoundMap4 */ = {
			isa = PBXGroup;
			children = (
				248C230A1F68CF4D00332F3E /* AppDelegate.swift */,
				248C230C1F68CF4D00332F3E /* ViewController.swift */,
				248C230E1F68CF4D00332F3E /* Main.storyboard */,
				248C23141F68CF4D00332F3E /* Assets.xcassets */,
				248C23161F68CF4D00332F3E /* LaunchScreen.storyboard */,
				24E26E441F6F2DC800FEBCE3 /* GoogleService-Info.plist */,
				248C23191F68CF4D00332F3E /* Info.plist */,
				248C23111F68CF4D00332F3E /* SoundMap4.xcdatamodeld */,
			);
			path = SoundMap4;
			sourceTree = "<group>";
		};
		248C231F1F68CFF600332F3E /* Controllers */ = {
			isa = PBXGroup;
			children = (
				248C23201F68D01500332F3E /* MainTabBar.swift */,
				248C23221F68D12400332F3E /* RecordController.swift */,
				248C23271F68D38000332F3E /* MapController.swift */,
				248C23291F68D4AB00332F3E /* SettingsController.swift */,
				24F5A9A31F698068000FBFFC /* NewRecordController.swift */,
				2489B64E1F6B08FA00FD0175 /* DeviceSettingsController.swift */,
				24DCB5381F705CBC00DF3A64 /* PointController.swift */,
			);
			name = Controllers;
			sourceTree = "<group>";
		};
		248C23241F68D16500332F3E /* Helpers */ = {
			isa = PBXGroup;
			children = (
				2489B64A1F6AC7AA00FD0175 /* Constants.swift */,
				248C23251F68D18600332F3E /* Helper.swift */,
			);
			name = Helpers;
			sourceTree = "<group>";
		};
		248F4A1B1F68EC56006F7C35 /* Model */ = {
			isa = PBXGroup;
			children = (
				2489B6481F6AB67800FD0175 /* LocationManager.swift */,
				2489B6461F6AB42300FD0175 /* AudioManager.swift */,
				248F4A1F1F68EF83006F7C35 /* FirebaseManager.swift */,
				24F5A9A51F69A564000FBFFC /* Record.swift */,
				24D4B5D61F6F2FD0005F7C80 /* CoreDataManager.swift */,
			);
			name = Model;
			sourceTree = "<group>";
		};
		248F4A1C1F68EC5E006F7C35 /* Views */ = {
			isa = PBXGroup;
			children = (
				2489B64C1F6AFDD800FD0175 /* SettingsCell.swift */,
				248F4A1D1F68EC86006F7C35 /* FeedCell.swift */,
			);
			name = Views;
			sourceTree = "<group>";
		};
		EA4B83056170416DE8D2E222 /* Pods */ = {
			isa = PBXGroup;
			children = (
				69EC948FCFB8A00F5683B2D6 /* Pods-SoundMap4.debug.xcconfig */,
				4BD7BA9E8CF8DAE3D3E39880 /* Pods-SoundMap4.release.xcconfig */,
			);
			name = Pods;
			sourceTree = "<group>";
		};
/* End PBXGroup section */

/* Begin PBXNativeTarget section */
		248C23061F68CF4D00332F3E /* SoundMap4 */ = {
			isa = PBXNativeTarget;
			buildConfigurationList = 248C231C1F68CF4D00332F3E /* Build configuration list for PBXNativeTarget "SoundMap4" */;
			buildPhases = (
				F2120BE106D20E68E2AC1646 /* [CP] Check Pods Manifest.lock */,
				248C23031F68CF4D00332F3E /* Sources */,
				248C23041F68CF4D00332F3E /* Frameworks */,
				248C23051F68CF4D00332F3E /* Resources */,
				649FB0D9F304AA55EF19E200 /* [CP] Embed Pods Frameworks */,
				E1C33285A7EFBA35B09413B6 /* [CP] Copy Pods Resources */,
			);
			buildRules = (
			);
			dependencies = (
			);
			name = SoundMap4;
			productName = SoundMap4;
			productReference = 248C23071F68CF4D00332F3E /* SoundMap4.app */;
			productType = "com.apple.product-type.application";
		};
/* End PBXNativeTarget section */

/* Begin PBXProject section */
		248C22FF1F68CF4D00332F3E /* Project object */ = {
			isa = PBXProject;
			attributes = {
				LastSwiftUpdateCheck = 0830;
				LastUpgradeCheck = 0900;
				ORGANIZATIONNAME = "Jared Williams";
				TargetAttributes = {
					248C23061F68CF4D00332F3E = {
						CreatedOnToolsVersion = 8.3.3;
						DevelopmentTeam = 8SR3MG6VY6;
						LastSwiftMigration = 0900;
						ProvisioningStyle = Automatic;
					};
				};
			};
			buildConfigurationList = 248C23021F68CF4D00332F3E /* Build configuration list for PBXProject "SoundMap4" */;
			compatibilityVersion = "Xcode 3.2";
			developmentRegion = English;
			hasScannedForEncodings = 0;
			knownRegions = (
				en,
				Base,
			);
			mainGroup = 248C22FE1F68CF4D00332F3E;
			productRefGroup = 248C23081F68CF4D00332F3E /* Products */;
			projectDirPath = "";
			projectRoot = "";
			targets = (
				248C23061F68CF4D00332F3E /* SoundMap4 */,
			);
		};
/* End PBXProject section */

/* Begin PBXResourcesBuildPhase section */
		248C23051F68CF4D00332F3E /* Resources */ = {
			isa = PBXResourcesBuildPhase;
			buildActionMask = 2147483647;
			files = (
				248C23181F68CF4D00332F3E /* LaunchScreen.storyboard in Resources */,
				24D4B5D51F6F2F1E005F7C80 /* GoogleService-Info.plist in Resources */,
				248C23151F68CF4D00332F3E /* Assets.xcassets in Resources */,
				248C23101F68CF4D00332F3E /* Main.storyboard in Resources */,
			);
			runOnlyForDeploymentPostprocessing = 0;
		};
/* End PBXResourcesBuildPhase section */

/* Begin PBXShellScriptBuildPhase section */
		649FB0D9F304AA55EF19E200 /* [CP] Embed Pods Frameworks */ = {
			isa = PBXShellScriptBuildPhase;
			buildActionMask = 2147483647;
			files = (
			);
			inputPaths = (
			);
			name = "[CP] Embed Pods Frameworks";
			outputPaths = (
			);
			runOnlyForDeploymentPostprocessing = 0;
			shellPath = /bin/sh;
			shellScript = "\"${SRCROOT}/Pods/Target Support Files/Pods-SoundMap4/Pods-SoundMap4-frameworks.sh\"\n";
			showEnvVarsInLog = 0;
		};
		E1C33285A7EFBA35B09413B6 /* [CP] Copy Pods Resources */ = {
			isa = PBXShellScriptBuildPhase;
			buildActionMask = 2147483647;
			files = (
			);
			inputPaths = (
			);
			name = "[CP] Copy Pods Resources";
			outputPaths = (
			);
			runOnlyForDeploymentPostprocessing = 0;
			shellPath = /bin/sh;
			shellScript = "\"${SRCROOT}/Pods/Target Support Files/Pods-SoundMap4/Pods-SoundMap4-resources.sh\"\n";
			showEnvVarsInLog = 0;
		};
		F2120BE106D20E68E2AC1646 /* [CP] Check Pods Manifest.lock */ = {
			isa = PBXShellScriptBuildPhase;
			buildActionMask = 2147483647;
			files = (
			);
			inputPaths = (
			);
			name = "[CP] Check Pods Manifest.lock";
			outputPaths = (
			);
			runOnlyForDeploymentPostprocessing = 0;
			shellPath = /bin/sh;
			shellScript = "diff \"${PODS_ROOT}/../Podfile.lock\" \"${PODS_ROOT}/Manifest.lock\" > /dev/null\nif [ $? != 0 ] ; then\n    # print error to STDERR\n    echo \"error: The sandbox is not in sync with the Podfile.lock. Run 'pod install' or update your CocoaPods installation.\" >&2\n    exit 1\nfi\n";
			showEnvVarsInLog = 0;
		};
/* End PBXShellScriptBuildPhase section */

/* Begin PBXSourcesBuildPhase section */
		248C23031F68CF4D00332F3E /* Sources */ = {
			isa = PBXSourcesBuildPhase;
			buildActionMask = 2147483647;
			files = (
				248C232A1F68D4AB00332F3E /* SettingsController.swift in Sources */,
				248C23211F68D01500332F3E /* MainTabBar.swift in Sources */,
				24F5A9A61F69A564000FBFFC /* Record.swift in Sources */,
				248F4A201F68EF83006F7C35 /* FirebaseManager.swift in Sources */,
				248C23281F68D38000332F3E /* MapController.swift in Sources */,
				2489B64F1F6B08FA00FD0175 /* DeviceSettingsController.swift in Sources */,
				24D4B5D71F6F2FD0005F7C80 /* CoreDataManager.swift in Sources */,
				2489B64B1F6AC7AA00FD0175 /* Constants.swift in Sources */,
				248C23131F68CF4D00332F3E /* SoundMap4.xcdatamodeld in Sources */,
				24DCB5391F705CBC00DF3A64 /* PointController.swift in Sources */,
				248C230D1F68CF4D00332F3E /* ViewController.swift in Sources */,
				248C23231F68D12400332F3E /* RecordController.swift in Sources */,
				24F5A9A41F698068000FBFFC /* NewRecordController.swift in Sources */,
				248C230B1F68CF4D00332F3E /* AppDelegate.swift in Sources */,
				2489B6491F6AB67800FD0175 /* LocationManager.swift in Sources */,
				248C23261F68D18600332F3E /* Helper.swift in Sources */,
				248F4A1E1F68EC86006F7C35 /* FeedCell.swift in Sources */,
				2489B64D1F6AFDD800FD0175 /* SettingsCell.swift in Sources */,
				2489B6471F6AB42300FD0175 /* AudioManager.swift in Sources */,
			);
			runOnlyForDeploymentPostprocessing = 0;
		};
/* End PBXSourcesBuildPhase section */

/* Begin PBXVariantGroup section */
		248C230E1F68CF4D00332F3E /* Main.storyboard */ = {
			isa = PBXVariantGroup;
			children = (
				248C230F1F68CF4D00332F3E /* Base */,
			);
			name = Main.storyboard;
			sourceTree = "<group>";
		};
		248C23161F68CF4D00332F3E /* LaunchScreen.storyboard */ = {
			isa = PBXVariantGroup;
			children = (
				248C23171F68CF4D00332F3E /* Base */,
			);
			name = LaunchScreen.storyboard;
			sourceTree = "<group>";
		};
/* End PBXVariantGroup section */

/* Begin XCBuildConfiguration section */
		248C231A1F68CF4D00332F3E /* Debug */ = {
			isa = XCBuildConfiguration;
			buildSettings = {
				ALWAYS_SEARCH_USER_PATHS = NO;
				CLANG_ANALYZER_NONNULL = YES;
				CLANG_ANALYZER_NUMBER_OBJECT_CONVERSION = YES_AGGRESSIVE;
				CLANG_CXX_LANGUAGE_STANDARD = "gnu++0x";
				CLANG_CXX_LIBRARY = "libc++";
				CLANG_ENABLE_MODULES = YES;
				CLANG_ENABLE_OBJC_ARC = YES;
				CLANG_WARN_BLOCK_CAPTURE_AUTORELEASING = YES;
				CLANG_WARN_BOOL_CONVERSION = YES;
				CLANG_WARN_COMMA = YES;
				CLANG_WARN_CONSTANT_CONVERSION = YES;
				CLANG_WARN_DIRECT_OBJC_ISA_USAGE = YES_ERROR;
				CLANG_WARN_DOCUMENTATION_COMMENTS = YES;
				CLANG_WARN_EMPTY_BODY = YES;
				CLANG_WARN_ENUM_CONVERSION = YES;
				CLANG_WARN_INFINITE_RECURSION = YES;
				CLANG_WARN_INT_CONVERSION = YES;
				CLANG_WARN_NON_LITERAL_NULL_CONVERSION = YES;
				CLANG_WARN_OBJC_LITERAL_CONVERSION = YES;
				CLANG_WARN_OBJC_ROOT_CLASS = YES_ERROR;
				CLANG_WARN_RANGE_LOOP_ANALYSIS = YES;
				CLANG_WARN_STRICT_PROTOTYPES = YES;
				CLANG_WARN_SUSPICIOUS_MOVE = YES;
				CLANG_WARN_UNREACHABLE_CODE = YES;
				CLANG_WARN__DUPLICATE_METHOD_MATCH = YES;
				"CODE_SIGN_IDENTITY[sdk=iphoneos*]" = "iPhone Developer";
				COPY_PHASE_STRIP = NO;
				DEBUG_INFORMATION_FORMAT = dwarf;
				ENABLE_STRICT_OBJC_MSGSEND = YES;
				ENABLE_TESTABILITY = YES;
				GCC_C_LANGUAGE_STANDARD = gnu99;
				GCC_DYNAMIC_NO_PIC = NO;
				GCC_NO_COMMON_BLOCKS = YES;
				GCC_OPTIMIZATION_LEVEL = 0;
				GCC_PREPROCESSOR_DEFINITIONS = (
					"DEBUG=1",
					"$(inherited)",
				);
				GCC_WARN_64_TO_32_BIT_CONVERSION = YES;
				GCC_WARN_ABOUT_RETURN_TYPE = YES_ERROR;
				GCC_WARN_UNDECLARED_SELECTOR = YES;
				GCC_WARN_UNINITIALIZED_AUTOS = YES_AGGRESSIVE;
				GCC_WARN_UNUSED_FUNCTION = YES;
				GCC_WARN_UNUSED_VARIABLE = YES;
				IPHONEOS_DEPLOYMENT_TARGET = 10.3;
				MTL_ENABLE_DEBUG_INFO = YES;
				ONLY_ACTIVE_ARCH = YES;
				SDKROOT = iphoneos;
				SWIFT_ACTIVE_COMPILATION_CONDITIONS = DEBUG;
				SWIFT_OPTIMIZATION_LEVEL = "-Onone";
				SWIFT_SWIFT3_OBJC_INFERENCE = Default;
				TARGETED_DEVICE_FAMILY = "1,2";
			};
			name = Debug;
		};
		248C231B1F68CF4D00332F3E /* Release */ = {
			isa = XCBuildConfiguration;
			buildSettings = {
				ALWAYS_SEARCH_USER_PATHS = NO;
				CLANG_ANALYZER_NONNULL = YES;
				CLANG_ANALYZER_NUMBER_OBJECT_CONVERSION = YES_AGGRESSIVE;
				CLANG_CXX_LANGUAGE_STANDARD = "gnu++0x";
				CLANG_CXX_LIBRARY = "libc++";
				CLANG_ENABLE_MODULES = YES;
				CLANG_ENABLE_OBJC_ARC = YES;
				CLANG_WARN_BLOCK_CAPTURE_AUTORELEASING = YES;
				CLANG_WARN_BOOL_CONVERSION = YES;
				CLANG_WARN_COMMA = YES;
				CLANG_WARN_CONSTANT_CONVERSION = YES;
				CLANG_WARN_DIRECT_OBJC_ISA_USAGE = YES_ERROR;
				CLANG_WARN_DOCUMENTATION_COMMENTS = YES;
				CLANG_WARN_EMPTY_BODY = YES;
				CLANG_WARN_ENUM_CONVERSION = YES;
				CLANG_WARN_INFINITE_RECURSION = YES;
				CLANG_WARN_INT_CONVERSION = YES;
				CLANG_WARN_NON_LITERAL_NULL_CONVERSION = YES;
				CLANG_WARN_OBJC_LITERAL_CONVERSION = YES;
				CLANG_WARN_OBJC_ROOT_CLASS = YES_ERROR;
				CLANG_WARN_RANGE_LOOP_ANALYSIS = YES;
				CLANG_WARN_STRICT_PROTOTYPES = YES;
				CLANG_WARN_SUSPICIOUS_MOVE = YES;
				CLANG_WARN_UNREACHABLE_CODE = YES;
				CLANG_WARN__DUPLICATE_METHOD_MATCH = YES;
				"CODE_SIGN_IDENTITY[sdk=iphoneos*]" = "iPhone Developer";
				COPY_PHASE_STRIP = NO;
				DEBUG_INFORMATION_FORMAT = "dwarf-with-dsym";
				ENABLE_NS_ASSERTIONS = NO;
				ENABLE_STRICT_OBJC_MSGSEND = YES;
				GCC_C_LANGUAGE_STANDARD = gnu99;
				GCC_NO_COMMON_BLOCKS = YES;
				GCC_WARN_64_TO_32_BIT_CONVERSION = YES;
				GCC_WARN_ABOUT_RETURN_TYPE = YES_ERROR;
				GCC_WARN_UNDECLARED_SELECTOR = YES;
				GCC_WARN_UNINITIALIZED_AUTOS = YES_AGGRESSIVE;
				GCC_WARN_UNUSED_FUNCTION = YES;
				GCC_WARN_UNUSED_VARIABLE = YES;
				IPHONEOS_DEPLOYMENT_TARGET = 10.3;
				MTL_ENABLE_DEBUG_INFO = NO;
				SDKROOT = iphoneos;
				SWIFT_OPTIMIZATION_LEVEL = "-Owholemodule";
				SWIFT_SWIFT3_OBJC_INFERENCE = Default;
				TARGETED_DEVICE_FAMILY = "1,2";
				VALIDATE_PRODUCT = YES;
			};
			name = Release;
		};
		248C231D1F68CF4D00332F3E /* Debug */ = {
			isa = XCBuildConfiguration;
			baseConfigurationReference = 69EC948FCFB8A00F5683B2D6 /* Pods-SoundMap4.debug.xcconfig */;
			buildSettings = {
				ASSETCATALOG_COMPILER_APPICON_NAME = AppIcon;
				DEVELOPMENT_TEAM = 8SR3MG6VY6;
				INFOPLIST_FILE = SoundMap4/Info.plist;
				LD_RUNPATH_SEARCH_PATHS = "$(inherited) @executable_path/Frameworks";
				PRODUCT_BUNDLE_IDENTIFIER = com.SoundMap4.ios;
				PRODUCT_NAME = "$(TARGET_NAME)";
				SWIFT_SWIFT3_OBJC_INFERENCE = On;
				SWIFT_VERSION = 4.0;
			};
			name = Debug;
		};
		248C231E1F68CF4D00332F3E /* Release */ = {
			isa = XCBuildConfiguration;
			baseConfigurationReference = 4BD7BA9E8CF8DAE3D3E39880 /* Pods-SoundMap4.release.xcconfig */;
			buildSettings = {
				ASSETCATALOG_COMPILER_APPICON_NAME = AppIcon;
				DEVELOPMENT_TEAM = 8SR3MG6VY6;
				INFOPLIST_FILE = SoundMap4/Info.plist;
				LD_RUNPATH_SEARCH_PATHS = "$(inherited) @executable_path/Frameworks";
				PRODUCT_BUNDLE_IDENTIFIER = com.SoundMap4.ios;
				PRODUCT_NAME = "$(TARGET_NAME)";
				SWIFT_SWIFT3_OBJC_INFERENCE = On;
				SWIFT_VERSION = 4.0;
			};
			name = Release;
		};
/* End XCBuildConfiguration section */

/* Begin XCConfigurationList section */
		248C23021F68CF4D00332F3E /* Build configuration list for PBXProject "SoundMap4" */ = {
			isa = XCConfigurationList;
			buildConfigurations = (
				248C231A1F68CF4D00332F3E /* Debug */,
				248C231B1F68CF4D00332F3E /* Release */,
			);
			defaultConfigurationIsVisible = 0;
			defaultConfigurationName = Release;
		};
		248C231C1F68CF4D00332F3E /* Build configuration list for PBXNativeTarget "SoundMap4" */ = {
			isa = XCConfigurationList;
			buildConfigurations = (
				248C231D1F68CF4D00332F3E /* Debug */,
				248C231E1F68CF4D00332F3E /* Release */,
			);
			defaultConfigurationIsVisible = 0;
			defaultConfigurationName = Release;
		};
/* End XCConfigurationList section */

/* Begin XCVersionGroup section */
		248C23111F68CF4D00332F3E /* SoundMap4.xcdatamodeld */ = {
			isa = XCVersionGroup;
			children = (
				248C23121F68CF4D00332F3E /* SoundMap4.xcdatamodel */,
			);
			currentVersion = 248C23121F68CF4D00332F3E /* SoundMap4.xcdatamodel */;
			path = SoundMap4.xcdatamodeld;
			sourceTree = "<group>";
			versionGroupType = wrapper.xcdatamodel;
		};
/* End XCVersionGroup section */
	};
	rootObject = 248C22FF1F68CF4D00332F3E /* Project object */;
}
